
Microsoft Visual Studio Solution File, Format Version 12.00
# Visual Studio 15
VisualStudioVersion = 15.0.28307.1231
MinimumVisualStudioVersion = 10.0.40219.1
Project("{E24C65DC-7377-472B-9ABA-BC803B73C61A}") = "3tierLeaveManagementSystem", "3tierLeaveManagementSystem\", "{4D7104D4-6008-4557-AC98-BDD608AE23DE}"
	ProjectSection(WebsiteProperties) = preProject
		TargetFrameworkMoniker = ".NETFramework,Version%3Dv4.5"
		Debug.AspNetCompiler.VirtualPath = "/localhost_56153"
		Debug.AspNetCompiler.PhysicalPath = "3tierLeaveManagementSystem\"
		Debug.AspNetCompiler.TargetPath = "PrecompiledWeb\localhost_56153\"
		Debug.AspNetCompiler.Updateable = "true"
		Debug.AspNetCompiler.ForceOverwrite = "true"
		Debug.AspNetCompiler.FixedNames = "false"
		Debug.AspNetCompiler.Debug = "True"
		Release.AspNetCompiler.VirtualPath = "/localhost_56153"
		Release.AspNetCompiler.PhysicalPath = "3tierLeaveManagementSystem\"
		Release.AspNetCompiler.TargetPath = "PrecompiledWeb\localhost_56153\"
		Release.AspNetCompiler.Updateable = "true"
		Release.AspNetCompiler.ForceOverwrite = "true"
		Release.AspNetCompiler.FixedNames = "false"
		Release.AspNetCompiler.Debug = "False"
		VWDPort = "56153"
		SlnRelativePath = "3tierLeaveManagementSystem\"
		DefaultWebSiteLanguage = "Visual C#"
	EndProjectSection
EndProject
Global
	GlobalSection(SolutionConfigurationPlatforms) = preSolution
		Debug|Any CPU = Debug|Any CPU
	EndGlobalSection
	GlobalSection(ProjectConfigurationPlatforms) = postSolution
		{4D7104D4-6008-4557-AC98-BDD608AE23DE}.Debug|Any CPU.ActiveCfg = Debug|Any CPU
		{4D7104D4-6008-4557-AC98-BDD608AE23DE}.Debug|Any CPU.Build.0 = Debug|Any CPU
	EndGlobalSection
	GlobalSection(SolutionProperties) = preSolution
		HideSolutionNode = FALSE
	EndGlobalSection
	GlobalSection(ExtensibilityGlobals) = postSolution
		SolutionGuid = {3CF64C0E-C9F1-4ABF-883B-DF62A3D11C23}
	EndGlobalSection
EndGlobal
